// !$*UTF8*$!
{
	archiveVersion = 1;
	classes = {
	};
	objectVersion = 56;
	objects = {

/* Begin PBXBuildFile section */
		CB74E64C2B98DDBC005A5B92 /* BookDetailview.swift in Sources */ = {isa = PBXBuildFile; fileRef = CB74E64B2B98DDBC005A5B92 /* BookDetailview.swift */; };
		CB74E64E2B98FD15005A5B92 /* Note.swift in Sources */ = {isa = PBXBuildFile; fileRef = CB74E64D2B98FD15005A5B92 /* Note.swift */; };
		CB74E6502B98FFB3005A5B92 /* AddNewNote.swift in Sources */ = {isa = PBXBuildFile; fileRef = CB74E64F2B98FFB3005A5B92 /* AddNewNote.swift */; };
		CB74E6522B99019D005A5B92 /* NotesListView.swift in Sources */ = {isa = PBXBuildFile; fileRef = CB74E6512B99019D005A5B92 /* NotesListView.swift */; };
		CB74E6542B993987005A5B92 /* Genre.swift in Sources */ = {isa = PBXBuildFile; fileRef = CB74E6532B993987005A5B92 /* Genre.swift */; };
		CB74E6562B993AAE005A5B92 /* GenreListView.swift in Sources */ = {isa = PBXBuildFile; fileRef = CB74E6552B993AAE005A5B92 /* GenreListView.swift */; };
		CB74E6582B993DDE005A5B92 /* AddNewGenre.swift in Sources */ = {isa = PBXBuildFile; fileRef = CB74E6572B993DDE005A5B92 /* AddNewGenre.swift */; };
		CB74E65A2B994453005A5B92 /* GenreSelectionView.swift in Sources */ = {isa = PBXBuildFile; fileRef = CB74E6592B994453005A5B92 /* GenreSelectionView.swift */; };
		CB74E65C2B9A260A005A5B92 /* GenreDetailView.swift in Sources */ = {isa = PBXBuildFile; fileRef = CB74E65B2B9A260A005A5B92 /* GenreDetailView.swift */; };
		CB74E65E2B9A2AF7005A5B92 /* HiddenModifier.swift in Sources */ = {isa = PBXBuildFile; fileRef = CB74E65D2B9A2AF7005A5B92 /* HiddenModifier.swift */; };
		CB74E6692B9B7EE8005A5B92 /* GenreSortOrder.swift in Sources */ = {isa = PBXBuildFile; fileRef = CB74E6682B9B7EE8005A5B92 /* GenreSortOrder.swift */; };
		CB74E66B2B9B7FF2005A5B92 /* GenreListSubView.swift in Sources */ = {isa = PBXBuildFile; fileRef = CB74E66A2B9B7FF2005A5B92 /* GenreListSubView.swift */; };
		CB74E66D2B9B84C7005A5B92 /* BookListSubView.swift in Sources */ = {isa = PBXBuildFile; fileRef = CB74E66C2B9B84C7005A5B92 /* BookListSubView.swift */; };
		CB74E66F2B9B896C005A5B92 /* SortingOption.swift in Sources */ = {isa = PBXBuildFile; fileRef = CB74E66E2B9B896C005A5B92 /* SortingOption.swift */; };
		CBFC05132B987FFA006B92FB /* SwiftDataSwiftUIApp.swift in Sources */ = {isa = PBXBuildFile; fileRef = CBFC05122B987FFA006B92FB /* SwiftDataSwiftUIApp.swift */; };
		CBFC05152B987FFA006B92FB /* ContentView.swift in Sources */ = {isa = PBXBuildFile; fileRef = CBFC05142B987FFA006B92FB /* ContentView.swift */; };
		CBFC05172B987FFC006B92FB /* Assets.xcassets in Resources */ = {isa = PBXBuildFile; fileRef = CBFC05162B987FFC006B92FB /* Assets.xcassets */; };
		CBFC051A2B987FFC006B92FB /* Preview Assets.xcassets in Resources */ = {isa = PBXBuildFile; fileRef = CBFC05192B987FFC006B92FB /* Preview Assets.xcassets */; };
		CBFC05212B988065006B92FB /* Book.swift in Sources */ = {isa = PBXBuildFile; fileRef = CBFC05202B988065006B92FB /* Book.swift */; };
		CBFC05242B988177006B92FB /* AddNewBookView.swift in Sources */ = {isa = PBXBuildFile; fileRef = CBFC05232B988177006B92FB /* AddNewBookView.swift */; };
		CBFC05272B98D293006B92FB /* BookListView.swift in Sources */ = {isa = PBXBuildFile; fileRef = CBFC05262B98D293006B92FB /* BookListView.swift */; };
		CBFC05292B98D442006B92FB /* BookCellView.swift in Sources */ = {isa = PBXBuildFile; fileRef = CBFC05282B98D442006B92FB /* BookCellView.swift */; };
/* End PBXBuildFile section */

/* Begin PBXFileReference section */
		CB74E64B2B98DDBC005A5B92 /* BookDetailview.swift */ = {isa = PBXFileReference; lastKnownFileType = sourcecode.swift; path = BookDetailview.swift; sourceTree = "<group>"; };
		CB74E64D2B98FD15005A5B92 /* Note.swift */ = {isa = PBXFileReference; lastKnownFileType = sourcecode.swift; path = Note.swift; sourceTree = "<group>"; };
		CB74E64F2B98FFB3005A5B92 /* AddNewNote.swift */ = {isa = PBXFileReference; lastKnownFileType = sourcecode.swift; path = AddNewNote.swift; sourceTree = "<group>"; };
		CB74E6512B99019D005A5B92 /* NotesListView.swift */ = {isa = PBXFileReference; lastKnownFileType = sourcecode.swift; path = NotesListView.swift; sourceTree = "<group>"; };
		CB74E6532B993987005A5B92 /* Genre.swift */ = {isa = PBXFileReference; lastKnownFileType = sourcecode.swift; path = Genre.swift; sourceTree = "<group>"; };
		CB74E6552B993AAE005A5B92 /* GenreListView.swift */ = {isa = PBXFileReference; lastKnownFileType = sourcecode.swift; path = GenreListView.swift; sourceTree = "<group>"; };
		CB74E6572B993DDE005A5B92 /* AddNewGenre.swift */ = {isa = PBXFileReference; lastKnownFileType = sourcecode.swift; path = AddNewGenre.swift; sourceTree = "<group>"; };
		CB74E6592B994453005A5B92 /* GenreSelectionView.swift */ = {isa = PBXFileReference; lastKnownFileType = sourcecode.swift; path = GenreSelectionView.swift; sourceTree = "<group>"; };
		CB74E65B2B9A260A005A5B92 /* GenreDetailView.swift */ = {isa = PBXFileReference; lastKnownFileType = sourcecode.swift; path = GenreDetailView.swift; sourceTree = "<group>"; };
		CB74E65D2B9A2AF7005A5B92 /* HiddenModifier.swift */ = {isa = PBXFileReference; lastKnownFileType = sourcecode.swift; path = HiddenModifier.swift; sourceTree = "<group>"; };
		CB74E6682B9B7EE8005A5B92 /* GenreSortOrder.swift */ = {isa = PBXFileReference; lastKnownFileType = sourcecode.swift; path = GenreSortOrder.swift; sourceTree = "<group>"; };
		CB74E66A2B9B7FF2005A5B92 /* GenreListSubView.swift */ = {isa = PBXFileReference; lastKnownFileType = sourcecode.swift; path = GenreListSubView.swift; sourceTree = "<group>"; };
		CB74E66C2B9B84C7005A5B92 /* BookListSubView.swift */ = {isa = PBXFileReference; lastKnownFileType = sourcecode.swift; path = BookListSubView.swift; sourceTree = "<group>"; };
		CB74E66E2B9B896C005A5B92 /* SortingOption.swift */ = {isa = PBXFileReference; lastKnownFileType = sourcecode.swift; path = SortingOption.swift; sourceTree = "<group>"; };
		CBFC050F2B987FFA006B92FB /* SwiftDataSwiftUI.app */ = {isa = PBXFileReference; explicitFileType = wrapper.application; includeInIndex = 0; path = SwiftDataSwiftUI.app; sourceTree = BUILT_PRODUCTS_DIR; };
		CBFC05122B987FFA006B92FB /* SwiftDataSwiftUIApp.swift */ = {isa = PBXFileReference; lastKnownFileType = sourcecode.swift; path = SwiftDataSwiftUIApp.swift; sourceTree = "<group>"; };
		CBFC05142B987FFA006B92FB /* ContentView.swift */ = {isa = PBXFileReference; lastKnownFileType = sourcecode.swift; path = ContentView.swift; sourceTree = "<group>"; };
		CBFC05162B987FFC006B92FB /* Assets.xcassets */ = {isa = PBXFileReference; lastKnownFileType = folder.assetcatalog; path = Assets.xcassets; sourceTree = "<group>"; };
		CBFC05192B987FFC006B92FB /* Preview Assets.xcassets */ = {isa = PBXFileReference; lastKnownFileType = folder.assetcatalog; path = "Preview Assets.xcassets"; sourceTree = "<group>"; };
		CBFC05202B988065006B92FB /* Book.swift */ = {isa = PBXFileReference; lastKnownFileType = sourcecode.swift; path = Book.swift; sourceTree = "<group>"; };
		CBFC05232B988177006B92FB /* AddNewBookView.swift */ = {isa = PBXFileReference; lastKnownFileType = sourcecode.swift; path = AddNewBookView.swift; sourceTree = "<group>"; };
		CBFC05262B98D293006B92FB /* BookListView.swift */ = {isa = PBXFileReference; lastKnownFileType = sourcecode.swift; path = BookListView.swift; sourceTree = "<group>"; };
		CBFC05282B98D442006B92FB /* BookCellView.swift */ = {isa = PBXFileReference; lastKnownFileType = sourcecode.swift; path = BookCellView.swift; sourceTree = "<group>"; };
/* End PBXFileReference section */

/* Begin PBXFrameworksBuildPhase section */
		CBFC050C2B987FFA006B92FB /* Frameworks */ = {
			isa = PBXFrameworksBuildPhase;
			buildActionMask = 2147483647;
			files = (
			);
			runOnlyForDeploymentPostprocessing = 0;
		};
/* End PBXFrameworksBuildPhase section */

/* Begin PBXGroup section */
		CB74E65F2B9B798A005A5B92 /* Books */ = {
			isa = PBXGroup;
			children = (
				CB74E6672B9B79D6005A5B92 /* Views */,
				CB74E6662B9B79CC005A5B92 /* Models */,
			);
			path = Books;
			sourceTree = "<group>";
		};
		CB74E6602B9B7995005A5B92 /* Notes */ = {
			isa = PBXGroup;
			children = (
				CB74E6652B9B79C1005A5B92 /* Views */,
				CB74E6642B9B79BA005A5B92 /* Models */,
			);
			path = Notes;
			sourceTree = "<group>";
		};
		CB74E6612B9B799E005A5B92 /* Genres */ = {
			isa = PBXGroup;
			children = (
				CB74E6632B9B79B3005A5B92 /* Views */,
				CB74E6622B9B79AC005A5B92 /* Models */,
			);
			path = Genres;
			sourceTree = "<group>";
		};
		CB74E6622B9B79AC005A5B92 /* Models */ = {
			isa = PBXGroup;
			children = (
				CB74E6532B993987005A5B92 /* Genre.swift */,
				CB74E6682B9B7EE8005A5B92 /* GenreSortOrder.swift */,
			);
			path = Models;
			sourceTree = "<group>";
		};
		CB74E6632B9B79B3005A5B92 /* Views */ = {
			isa = PBXGroup;
			children = (
				CB74E6552B993AAE005A5B92 /* GenreListView.swift */,
				CB74E6572B993DDE005A5B92 /* AddNewGenre.swift */,
				CB74E6592B994453005A5B92 /* GenreSelectionView.swift */,
				CB74E65B2B9A260A005A5B92 /* GenreDetailView.swift */,
				CB74E66A2B9B7FF2005A5B92 /* GenreListSubView.swift */,
			);
			path = Views;
			sourceTree = "<group>";
		};
		CB74E6642B9B79BA005A5B92 /* Models */ = {
			isa = PBXGroup;
			children = (
				CB74E64D2B98FD15005A5B92 /* Note.swift */,
			);
			path = Models;
			sourceTree = "<group>";
		};
		CB74E6652B9B79C1005A5B92 /* Views */ = {
			isa = PBXGroup;
			children = (
				CB74E64F2B98FFB3005A5B92 /* AddNewNote.swift */,
				CB74E6512B99019D005A5B92 /* NotesListView.swift */,
			);
			path = Views;
			sourceTree = "<group>";
		};
		CB74E6662B9B79CC005A5B92 /* Models */ = {
			isa = PBXGroup;
			children = (
				CBFC05202B988065006B92FB /* Book.swift */,
				CB74E66E2B9B896C005A5B92 /* SortingOption.swift */,
			);
			path = Models;
			sourceTree = "<group>";
		};
		CB74E6672B9B79D6005A5B92 /* Views */ = {
			isa = PBXGroup;
			children = (
				CBFC05232B988177006B92FB /* AddNewBookView.swift */,
				CBFC05262B98D293006B92FB /* BookListView.swift */,
				CBFC05282B98D442006B92FB /* BookCellView.swift */,
				CB74E64B2B98DDBC005A5B92 /* BookDetailview.swift */,
				CB74E66C2B9B84C7005A5B92 /* BookListSubView.swift */,
			);
			path = Views;
			sourceTree = "<group>";
		};
		CBFC05062B987FFA006B92FB = {
			isa = PBXGroup;
			children = (
				CBFC05112B987FFA006B92FB /* SwiftDataSwiftUI */,
				CBFC05102B987FFA006B92FB /* Products */,
			);
			sourceTree = "<group>";
		};
		CBFC05102B987FFA006B92FB /* Products */ = {
			isa = PBXGroup;
			children = (
				CBFC050F2B987FFA006B92FB /* SwiftDataSwiftUI.app */,
			);
			name = Products;
			sourceTree = "<group>";
		};
		CBFC05112B987FFA006B92FB /* SwiftDataSwiftUI */ = {
			isa = PBXGroup;
			children = (
				CBFC05252B988185006B92FB /* Components */,
				CB74E6612B9B799E005A5B92 /* Genres */,
				CB74E6602B9B7995005A5B92 /* Notes */,
				CB74E65F2B9B798A005A5B92 /* Books */,
				CBFC05122B987FFA006B92FB /* SwiftDataSwiftUIApp.swift */,
				CBFC05142B987FFA006B92FB /* ContentView.swift */,
				CBFC05162B987FFC006B92FB /* Assets.xcassets */,
				CBFC05182B987FFC006B92FB /* Preview Content */,
			);
			path = SwiftDataSwiftUI;
			sourceTree = "<group>";
		};
		CBFC05182B987FFC006B92FB /* Preview Content */ = {
			isa = PBXGroup;
			children = (
				CBFC05192B987FFC006B92FB /* Preview Assets.xcassets */,
			);
			path = "Preview Content";
			sourceTree = "<group>";
		};
		CBFC05252B988185006B92FB /* Components */ = {
			isa = PBXGroup;
			children = (
				CB74E65D2B9A2AF7005A5B92 /* HiddenModifier.swift */,
			);
			path = Components;
			sourceTree = "<group>";
		};
/* End PBXGroup section */

/* Begin PBXNativeTarget section */
		CBFC050E2B987FFA006B92FB /* SwiftDataSwiftUI */ = {
			isa = PBXNativeTarget;
			buildConfigurationList = CBFC051D2B987FFC006B92FB /* Build configuration list for PBXNativeTarget "SwiftDataSwiftUI" */;
			buildPhases = (
				CBFC050B2B987FFA006B92FB /* Sources */,
				CBFC050C2B987FFA006B92FB /* Frameworks */,
				CBFC050D2B987FFA006B92FB /* Resources */,
			);
			buildRules = (
			);
			dependencies = (
			);
			name = SwiftDataSwiftUI;
			productName = SwiftDataSwiftUI;
			productReference = CBFC050F2B987FFA006B92FB /* SwiftDataSwiftUI.app */;
			productType = "com.apple.product-type.application";
		};
/* End PBXNativeTarget section */

/* Begin PBXProject section */
		CBFC05072B987FFA006B92FB /* Project object */ = {
			isa = PBXProject;
			attributes = {
				BuildIndependentTargetsInParallel = 1;
				LastSwiftUpdateCheck = 1520;
				LastUpgradeCheck = 1520;
				TargetAttributes = {
					CBFC050E2B987FFA006B92FB = {
						CreatedOnToolsVersion = 15.2;
					};
				};
			};
			buildConfigurationList = CBFC050A2B987FFA006B92FB /* Build configuration list for PBXProject "SwiftDataSwiftUI" */;
			compatibilityVersion = "Xcode 14.0";
			developmentRegion = en;
			hasScannedForEncodings = 0;
			knownRegions = (
				en,
				Base,
			);
			mainGroup = CBFC05062B987FFA006B92FB;
			productRefGroup = CBFC05102B987FFA006B92FB /* Products */;
			projectDirPath = "";
			projectRoot = "";
			targets = (
				CBFC050E2B987FFA006B92FB /* SwiftDataSwiftUI */,
			);
		};
/* End PBXProject section */

/* Begin PBXResourcesBuildPhase section */
		CBFC050D2B987FFA006B92FB /* Resources */ = {
			isa = PBXResourcesBuildPhase;
			buildActionMask = 2147483647;
			files = (
				CBFC051A2B987FFC006B92FB /* Preview Assets.xcassets in Resources */,
				CBFC05172B987FFC006B92FB /* Assets.xcassets in Resources */,
			);
			runOnlyForDeploymentPostprocessing = 0;
		};
/* End PBXResourcesBuildPhase section */

/* Begin PBXSourcesBuildPhase section */
		CBFC050B2B987FFA006B92FB /* Sources */ = {
			isa = PBXSourcesBuildPhase;
			buildActionMask = 2147483647;
			files = (
				CBFC05242B988177006B92FB /* AddNewBookView.swift in Sources */,
				CBFC05292B98D442006B92FB /* BookCellView.swift in Sources */,
				CB74E6522B99019D005A5B92 /* NotesListView.swift in Sources */,
				CB74E6542B993987005A5B92 /* Genre.swift in Sources */,
				CB74E64C2B98DDBC005A5B92 /* BookDetailview.swift in Sources */,
				CB74E66F2B9B896C005A5B92 /* SortingOption.swift in Sources */,
				CB74E66B2B9B7FF2005A5B92 /* GenreListSubView.swift in Sources */,
				CB74E6502B98FFB3005A5B92 /* AddNewNote.swift in Sources */,
				CB74E64E2B98FD15005A5B92 /* Note.swift in Sources */,
				CB74E65A2B994453005A5B92 /* GenreSelectionView.swift in Sources */,
				CB74E6692B9B7EE8005A5B92 /* GenreSortOrder.swift in Sources */,
				CB74E66D2B9B84C7005A5B92 /* BookListSubView.swift in Sources */,
				CB74E6582B993DDE005A5B92 /* AddNewGenre.swift in Sources */,
				CB74E65C2B9A260A005A5B92 /* GenreDetailView.swift in Sources */,
				CB74E65E2B9A2AF7005A5B92 /* HiddenModifier.swift in Sources */,
				CBFC05152B987FFA006B92FB /* ContentView.swift in Sources */,
				CBFC05272B98D293006B92FB /* BookListView.swift in Sources */,
				CBFC05132B987FFA006B92FB /* SwiftDataSwiftUIApp.swift in Sources */,
				CB74E6562B993AAE005A5B92 /* GenreListView.swift in Sources */,
				CBFC05212B988065006B92FB /* Book.swift in Sources */,
			);
			runOnlyForDeploymentPostprocessing = 0;
		};
/* End PBXSourcesBuildPhase section */

/* Begin XCBuildConfiguration section */
		CBFC051B2B987FFC006B92FB /* Debug */ = {
			isa = XCBuildConfiguration;
			buildSettings = {
				ALWAYS_SEARCH_USER_PATHS = NO;
				ASSETCATALOG_COMPILER_GENERATE_SWIFT_ASSET_SYMBOL_EXTENSIONS = YES;
				CLANG_ANALYZER_NONNULL = YES;
				CLANG_ANALYZER_NUMBER_OBJECT_CONVERSION = YES_AGGRESSIVE;
				CLANG_CXX_LANGUAGE_STANDARD = "gnu++20";
				CLANG_ENABLE_MODULES = YES;
				CLANG_ENABLE_OBJC_ARC = YES;
				CLANG_ENABLE_OBJC_WEAK = YES;
				CLANG_WARN_BLOCK_CAPTURE_AUTORELEASING = YES;
				CLANG_WARN_BOOL_CONVERSION = YES;
				CLANG_WARN_COMMA = YES;
				CLANG_WARN_CONSTANT_CONVERSION = YES;
				CLANG_WARN_DEPRECATED_OBJC_IMPLEMENTATIONS = YES;
				CLANG_WARN_DIRECT_OBJC_ISA_USAGE = YES_ERROR;
				CLANG_WARN_DOCUMENTATION_COMMENTS = YES;
				CLANG_WARN_EMPTY_BODY = YES;
				CLANG_WARN_ENUM_CONVERSION = YES;
				CLANG_WARN_INFINITE_RECURSION = YES;
				CLANG_WARN_INT_CONVERSION = YES;
				CLANG_WARN_NON_LITERAL_NULL_CONVERSION = YES;
				CLANG_WARN_OBJC_IMPLICIT_RETAIN_SELF = YES;
				CLANG_WARN_OBJC_LITERAL_CONVERSION = YES;
				CLANG_WARN_OBJC_ROOT_CLASS = YES_ERROR;
				CLANG_WARN_QUOTED_INCLUDE_IN_FRAMEWORK_HEADER = YES;
				CLANG_WARN_RANGE_LOOP_ANALYSIS = YES;
				CLANG_WARN_STRICT_PROTOTYPES = YES;
				CLANG_WARN_SUSPICIOUS_MOVE = YES;
				CLANG_WARN_UNGUARDED_AVAILABILITY = YES_AGGRESSIVE;
				CLANG_WARN_UNREACHABLE_CODE = YES;
				CLANG_WARN__DUPLICATE_METHOD_MATCH = YES;
				COPY_PHASE_STRIP = NO;
				DEBUG_INFORMATION_FORMAT = dwarf;
				ENABLE_STRICT_OBJC_MSGSEND = YES;
				ENABLE_TESTABILITY = YES;
				ENABLE_USER_SCRIPT_SANDBOXING = YES;
				GCC_C_LANGUAGE_STANDARD = gnu17;
				GCC_DYNAMIC_NO_PIC = NO;
				GCC_NO_COMMON_BLOCKS = YES;
				GCC_OPTIMIZATION_LEVEL = 0;
				GCC_PREPROCESSOR_DEFINITIONS = (
					"DEBUG=1",
					"$(inherited)",
				);
				GCC_WARN_64_TO_32_BIT_CONVERSION = YES;
				GCC_WARN_ABOUT_RETURN_TYPE = YES_ERROR;
				GCC_WARN_UNDECLARED_SELECTOR = YES;
				GCC_WARN_UNINITIALIZED_AUTOS = YES_AGGRESSIVE;
				GCC_WARN_UNUSED_FUNCTION = YES;
				GCC_WARN_UNUSED_VARIABLE = YES;
				IPHONEOS_DEPLOYMENT_TARGET = 17.2;
				LOCALIZATION_PREFERS_STRING_CATALOGS = YES;
				MTL_ENABLE_DEBUG_INFO = INCLUDE_SOURCE;
				MTL_FAST_MATH = YES;
				ONLY_ACTIVE_ARCH = YES;
				SDKROOT = iphoneos;
				SWIFT_ACTIVE_COMPILATION_CONDITIONS = "DEBUG $(inherited)";
				SWIFT_OPTIMIZATION_LEVEL = "-Onone";
			};
			name = Debug;
		};
		CBFC051C2B987FFC006B92FB /* Release */ = {
			isa = XCBuildConfiguration;
			buildSettings = {
				ALWAYS_SEARCH_USER_PATHS = NO;
				ASSETCATALOG_COMPILER_GENERATE_SWIFT_ASSET_SYMBOL_EXTENSIONS = YES;
				CLANG_ANALYZER_NONNULL = YES;
				CLANG_ANALYZER_NUMBER_OBJECT_CONVERSION = YES_AGGRESSIVE;
				CLANG_CXX_LANGUAGE_STANDARD = "gnu++20";
				CLANG_ENABLE_MODULES = YES;
				CLANG_ENABLE_OBJC_ARC = YES;
				CLANG_ENABLE_OBJC_WEAK = YES;
				CLANG_WARN_BLOCK_CAPTURE_AUTORELEASING = YES;
				CLANG_WARN_BOOL_CONVERSION = YES;
				CLANG_WARN_COMMA = YES;
				CLANG_WARN_CONSTANT_CONVERSION = YES;
				CLANG_WARN_DEPRECATED_OBJC_IMPLEMENTATIONS = YES;
				CLANG_WARN_DIRECT_OBJC_ISA_USAGE = YES_ERROR;
				CLANG_WARN_DOCUMENTATION_COMMENTS = YES;
				CLANG_WARN_EMPTY_BODY = YES;
				CLANG_WARN_ENUM_CONVERSION = YES;
				CLANG_WARN_INFINITE_RECURSION = YES;
				CLANG_WARN_INT_CONVERSION = YES;
				CLANG_WARN_NON_LITERAL_NULL_CONVERSION = YES;
				CLANG_WARN_OBJC_IMPLICIT_RETAIN_SELF = YES;
				CLANG_WARN_OBJC_LITERAL_CONVERSION = YES;
				CLANG_WARN_OBJC_ROOT_CLASS = YES_ERROR;
				CLANG_WARN_QUOTED_INCLUDE_IN_FRAMEWORK_HEADER = YES;
				CLANG_WARN_RANGE_LOOP_ANALYSIS = YES;
				CLANG_WARN_STRICT_PROTOTYPES = YES;
				CLANG_WARN_SUSPICIOUS_MOVE = YES;
				CLANG_WARN_UNGUARDED_AVAILABILITY = YES_AGGRESSIVE;
				CLANG_WARN_UNREACHABLE_CODE = YES;
				CLANG_WARN__DUPLICATE_METHOD_MATCH = YES;
				COPY_PHASE_STRIP = NO;
				DEBUG_INFORMATION_FORMAT = "dwarf-with-dsym";
				ENABLE_NS_ASSERTIONS = NO;
				ENABLE_STRICT_OBJC_MSGSEND = YES;
				ENABLE_USER_SCRIPT_SANDBOXING = YES;
				GCC_C_LANGUAGE_STANDARD = gnu17;
				GCC_NO_COMMON_BLOCKS = YES;
				GCC_WARN_64_TO_32_BIT_CONVERSION = YES;
				GCC_WARN_ABOUT_RETURN_TYPE = YES_ERROR;
				GCC_WARN_UNDECLARED_SELECTOR = YES;
				GCC_WARN_UNINITIALIZED_AUTOS = YES_AGGRESSIVE;
				GCC_WARN_UNUSED_FUNCTION = YES;
				GCC_WARN_UNUSED_VARIABLE = YES;
				IPHONEOS_DEPLOYMENT_TARGET = 17.2;
				LOCALIZATION_PREFERS_STRING_CATALOGS = YES;
				MTL_ENABLE_DEBUG_INFO = NO;
				MTL_FAST_MATH = YES;
				SDKROOT = iphoneos;
				SWIFT_COMPILATION_MODE = wholemodule;
				VALIDATE_PRODUCT = YES;
			};
			name = Release;
		};
		CBFC051E2B987FFC006B92FB /* Debug */ = {
			isa = XCBuildConfiguration;
			buildSettings = {
				ASSETCATALOG_COMPILER_APPICON_NAME = AppIcon;
				ASSETCATALOG_COMPILER_GLOBAL_ACCENT_COLOR_NAME = AccentColor;
				CODE_SIGN_STYLE = Automatic;
				CURRENT_PROJECT_VERSION = 1;
				DEVELOPMENT_ASSET_PATHS = "\"SwiftDataSwiftUI/Preview Content\"";
				DEVELOPMENT_TEAM = J893X2PP5H;
				ENABLE_PREVIEWS = YES;
				GENERATE_INFOPLIST_FILE = YES;
				INFOPLIST_KEY_UIApplicationSceneManifest_Generation = YES;
				INFOPLIST_KEY_UIApplicationSupportsIndirectInputEvents = YES;
				INFOPLIST_KEY_UILaunchScreen_Generation = YES;
				INFOPLIST_KEY_UISupportedInterfaceOrientations_iPad = "UIInterfaceOrientationPortrait UIInterfaceOrientationPortraitUpsideDown UIInterfaceOrientationLandscapeLeft UIInterfaceOrientationLandscapeRight";
				INFOPLIST_KEY_UISupportedInterfaceOrientations_iPhone = "UIInterfaceOrientationPortrait UIInterfaceOrientationLandscapeLeft UIInterfaceOrientationLandscapeRight";
				LD_RUNPATH_SEARCH_PATHS = (
					"$(inherited)",
					"@executable_path/Frameworks",
				);
				MARKETING_VERSION = 1.0;
				PRODUCT_BUNDLE_IDENTIFIER = halbus.SwiftDataSwiftUI;
				PRODUCT_NAME = "$(TARGET_NAME)";
				SWIFT_EMIT_LOC_STRINGS = YES;
				SWIFT_VERSION = 5.0;
				TARGETED_DEVICE_FAMILY = "1,2";
			};
			name = Debug;
		};
		CBFC051F2B987FFC006B92FB /* Release */ = {
			isa = XCBuildConfiguration;
			buildSettings = {
				ASSETCATALOG_COMPILER_APPICON_NAME = AppIcon;
				ASSETCATALOG_COMPILER_GLOBAL_ACCENT_COLOR_NAME = AccentColor;
				CODE_SIGN_STYLE = Automatic;
				CURRENT_PROJECT_VERSION = 1;
				DEVELOPMENT_ASSET_PATHS = "\"SwiftDataSwiftUI/Preview Content\"";
				DEVELOPMENT_TEAM = J893X2PP5H;
				ENABLE_PREVIEWS = YES;
				GENERATE_INFOPLIST_FILE = YES;
				INFOPLIST_KEY_UIApplicationSceneManifest_Generation = YES;
				INFOPLIST_KEY_UIApplicationSupportsIndirectInputEvents = YES;
				INFOPLIST_KEY_UILaunchScreen_Generation = YES;
				INFOPLIST_KEY_UISupportedInterfaceOrientations_iPad = "UIInterfaceOrientationPortrait UIInterfaceOrientationPortraitUpsideDown UIInterfaceOrientationLandscapeLeft UIInterfaceOrientationLandscapeRight";
				INFOPLIST_KEY_UISupportedInterfaceOrientations_iPhone = "UIInterfaceOrientationPortrait UIInterfaceOrientationLandscapeLeft UIInterfaceOrientationLandscapeRight";
				LD_RUNPATH_SEARCH_PATHS = (
					"$(inherited)",
					"@executable_path/Frameworks",
				);
				MARKETING_VERSION = 1.0;
				PRODUCT_BUNDLE_IDENTIFIER = halbus.SwiftDataSwiftUI;
				PRODUCT_NAME = "$(TARGET_NAME)";
				SWIFT_EMIT_LOC_STRINGS = YES;
				SWIFT_VERSION = 5.0;
				TARGETED_DEVICE_FAMILY = "1,2";
			};
			name = Release;
		};
/* End XCBuildConfiguration section */

/* Begin XCConfigurationList section */
		CBFC050A2B987FFA006B92FB /* Build configuration list for PBXProject "SwiftDataSwiftUI" */ = {
			isa = XCConfigurationList;
			buildConfigurations = (
				CBFC051B2B987FFC006B92FB /* Debug */,
				CBFC051C2B987FFC006B92FB /* Release */,
			);
			defaultConfigurationIsVisible = 0;
			defaultConfigurationName = Release;
		};
		CBFC051D2B987FFC006B92FB /* Build configuration list for PBXNativeTarget "SwiftDataSwiftUI" */ = {
			isa = XCConfigurationList;
			buildConfigurations = (
				CBFC051E2B987FFC006B92FB /* Debug */,
				CBFC051F2B987FFC006B92FB /* Release */,
			);
			defaultConfigurationIsVisible = 0;
			defaultConfigurationName = Release;
		};
/* End XCConfigurationList section */
	};
	rootObject = CBFC05072B987FFA006B92FB /* Project object */;
}
